
Microsoft Visual Studio Solution File, Format Version 12.00
# Visual Studio 15
VisualStudioVersion = 15.0.26730.16
MinimumVisualStudioVersion = 10.0.40219.1
Project("{FAE04EC0-301F-11D3-BF4B-00C04F79EFBC}") = "LMT Flying", "LMT Flying\LMT Flying.csproj", "{34CC4D15-A872-4C17-9FC4-C7EF8236FB1F}"
EndProject
Global
	GlobalSection(SolutionConfigurationPlatforms) = preSolution
		Debug|Any CPU = Debug|Any CPU
		Release|Any CPU = Release|Any CPU
	EndGlobalSection
	GlobalSection(ProjectConfigurationPlatforms) = postSolution
		{34CC4D15-A872-4C17-9FC4-C7EF8236FB1F}.Debug|Any CPU.ActiveCfg = Debug|Any CPU
		{34CC4D15-A872-4C17-9FC4-C7EF8236FB1F}.Debug|Any CPU.Build.0 = Debug|Any CPU
		{34CC4D15-A872-4C17-9FC4-C7EF8236FB1F}.Release|Any CPU.ActiveCfg = Release|Any CPU
		{34CC4D15-A872-4C17-9FC4-C7EF8236FB1F}.Release|Any CPU.Build.0 = Release|Any CPU
	EndGlobalSection
	GlobalSection(SolutionProperties) = preSolution
		HideSolutionNode = FALSE
	EndGlobalSection
	GlobalSection(ExtensibilityGlobals) = postSolution
		SolutionGuid = {38756E83-B7D0-4234-9CE5-5FFB3195FC90}
	EndGlobalSection
EndGlobal
